// !$*UTF8*$!
{
	archiveVersion = 1;
	classes = {
	};
	objectVersion = 46;
	objects = {

/* Begin PBXBuildFile section */
		1D79B53A1BF3307600614930 /* main.m in Sources */ = {isa = PBXBuildFile; fileRef = 1D79B5391BF3307600614930 /* main.m */; };
		1D79B53D1BF3307600614930 /* AppDelegate.m in Sources */ = {isa = PBXBuildFile; fileRef = 1D79B53C1BF3307600614930 /* AppDelegate.m */; };
		1D79B5401BF3307600614930 /* ViewController.m in Sources */ = {isa = PBXBuildFile; fileRef = 1D79B53F1BF3307600614930 /* ViewController.m */; };
		1D79B5431BF3307600614930 /* Main.storyboard in Resources */ = {isa = PBXBuildFile; fileRef = 1D79B5411BF3307600614930 /* Main.storyboard */; };
		1D79B5451BF3307600614930 /* Assets.xcassets in Resources */ = {isa = PBXBuildFile; fileRef = 1D79B5441BF3307600614930 /* Assets.xcassets */; };
		1D79B5481BF3307600614930 /* LaunchScreen.storyboard in Resources */ = {isa = PBXBuildFile; fileRef = 1D79B5461BF3307600614930 /* LaunchScreen.storyboard */; };
		1D79B5511BF330BA00614930 /* JLodingView.m in Sources */ = {isa = PBXBuildFile; fileRef = 1D79B5501BF330BA00614930 /* JLodingView.m */; };
/* End PBXBuildFile section */

/* Begin PBXFileReference section */
		1D79B5351BF3307500614930 /* JLoading.app */ = {isa = PBXFileReference; explicitFileType = wrapper.application; includeInIndex = 0; path = JLoading.app; sourceTree = BUILT_PRODUCTS_DIR; };
		1D79B5391BF3307600614930 /* main.m */ = {isa = PBXFileReference; lastKnownFileType = sourcecode.c.objc; path = main.m; sourceTree = "<group>"; };
		1D79B53B1BF3307600614930 /* AppDelegate.h */ = {isa = PBXFileReference; lastKnownFileType = sourcecode.c.h; path = AppDelegate.h; sourceTree = "<group>"; };
		1D79B53C1BF3307600614930 /* AppDelegate.m */ = {isa = PBXFileReference; lastKnownFileType = sourcecode.c.objc; path = AppDelegate.m; sourceTree = "<group>"; };
		1D79B53E1BF3307600614930 /* ViewController.h */ = {isa = PBXFileReference; lastKnownFileType = sourcecode.c.h; path = ViewController.h; sourceTree = "<group>"; };
		1D79B53F1BF3307600614930 /* ViewController.m */ = {isa = PBXFileReference; lastKnownFileType = sourcecode.c.objc; path = ViewController.m; sourceTree = "<group>"; };
		1D79B5421BF3307600614930 /* Base */ = {isa = PBXFileReference; lastKnownFileType = file.storyboard; name = Base; path = Base.lproj/Main.storyboard; sourceTree = "<group>"; };
		1D79B5441BF3307600614930 /* Assets.xcassets */ = {isa = PBXFileReference; lastKnownFileType = folder.assetcatalog; path = Assets.xcassets; sourceTree = "<group>"; };
		1D79B5471BF3307600614930 /* Base */ = {isa = PBXFileReference; lastKnownFileType = file.storyboard; name = Base; path = Base.lproj/LaunchScreen.storyboard; sourceTree = "<group>"; };
		1D79B5491BF3307600614930 /* Info.plist */ = {isa = PBXFileReference; lastKnownFileType = text.plist.xml; path = Info.plist; sourceTree = "<group>"; };
		1D79B54F1BF330BA00614930 /* JLodingView.h */ = {isa = PBXFileReference; fileEncoding = 4; lastKnownFileType = sourcecode.c.h; path = JLodingView.h; sourceTree = "<group>"; };
		1D79B5501BF330BA00614930 /* JLodingView.m */ = {isa = PBXFileReference; fileEncoding = 4; lastKnownFileType = sourcecode.c.objc; path = JLodingView.m; sourceTree = "<group>"; };
/* End PBXFileReference section */

/* Begin PBXFrameworksBuildPhase section */
		1D79B5321BF3307500614930 /* Frameworks */ = {
			isa = PBXFrameworksBuildPhase;
			buildActionMask = 2147483647;
			files = (
			);
			runOnlyForDeploymentPostprocessing = 0;
		};
/* End PBXFrameworksBuildPhase section */

/* Begin PBXGroup section */
		1D79B52C1BF3307500614930 = {
			isa = PBXGroup;
			children = (
				1D79B5371BF3307600614930 /* JLoading */,
				1D79B5361BF3307500614930 /* Products */,
			);
			sourceTree = "<group>";
		};
		1D79B5361BF3307500614930 /* Products */ = {
			isa = PBXGroup;
			children = (
				1D79B5351BF3307500614930 /* JLoading.app */,
			);
			name = Products;
			sourceTree = "<group>";
		};
		1D79B5371BF3307600614930 /* JLoading */ = {
			isa = PBXGroup;
			children = (
				1D79B53B1BF3307600614930 /* AppDelegate.h */,
				1D79B53C1BF3307600614930 /* AppDelegate.m */,
				1D79B53E1BF3307600614930 /* ViewController.h */,
				1D79B53F1BF3307600614930 /* ViewController.m */,
				1D79B54F1BF330BA00614930 /* JLodingView.h */,
				1D79B5501BF330BA00614930 /* JLodingView.m */,
				1D79B5411BF3307600614930 /* Main.storyboard */,
				1D79B5441BF3307600614930 /* Assets.xcassets */,
				1D79B5461BF3307600614930 /* LaunchScreen.storyboard */,
				1D79B5491BF3307600614930 /* Info.plist */,
				1D79B5381BF3307600614930 /* Supporting Files */,
			);
			path = JLoading;
			sourceTree = "<group>";
		};
		1D79B5381BF3307600614930 /* Supporting Files */ = {
			isa = PBXGroup;
			children = (
				1D79B5391BF3307600614930 /* main.m */,
			);
			name = "Supporting Files";
			sourceTree = "<group>";
		};
/* End PBXGroup section */

/* Begin PBXNativeTarget section */
		1D79B5341BF3307500614930 /* JLoading */ = {
			isa = PBXNativeTarget;
			buildConfigurationList = 1D79B54C1BF3307600614930 /* Build configuration list for PBXNativeTarget "JLoading" */;
			buildPhases = (
				1D79B5311BF3307500614930 /* Sources */,
				1D79B5321BF3307500614930 /* Frameworks */,
				1D79B5331BF3307500614930 /* Resources */,
			);
			buildRules = (
			);
			dependencies = (
			);
			name = JLoading;
			productName = JLoading;
			productReference = 1D79B5351BF3307500614930 /* JLoading.app */;
			productType = "com.apple.product-type.application";
		};
/* End PBXNativeTarget section */

/* Begin PBXProject section */
		1D79B52D1BF3307500614930 /* Project object */ = {
			isa = PBXProject;
			attributes = {
				LastUpgradeCheck = 0710;
				ORGANIZATIONNAME = com.czp;
				TargetAttributes = {
					1D79B5341BF3307500614930 = {
						CreatedOnToolsVersion = 7.1;
					};
				};
			};
			buildConfigurationList = 1D79B5301BF3307500614930 /* Build configuration list for PBXProject "JLoading" */;
			compatibilityVersion = "Xcode 3.2";
			developmentRegion = English;
			hasScannedForEncodings = 0;
			knownRegions = (
				en,
				Base,
			);
			mainGroup = 1D79B52C1BF3307500614930;
			productRefGroup = 1D79B5361BF3307500614930 /* Products */;
			projectDirPath = "";
			projectRoot = "";
			targets = (
				1D79B5341BF3307500614930 /* JLoading */,
			);
		};
/* End PBXProject section */

/* Begin PBXResourcesBuildPhase section */
		1D79B5331BF3307500614930 /* Resources */ = {
			isa = PBXResourcesBuildPhase;
			buildActionMask = 2147483647;
			files = (
				1D79B5481BF3307600614930 /* LaunchScreen.storyboard in Resources */,
				1D79B5451BF3307600614930 /* Assets.xcassets in Resources */,
				1D79B5431BF3307600614930 /* Main.storyboard in Resources */,
			);
			runOnlyForDeploymentPostprocessing = 0;
		};
/* End PBXResourcesBuildPhase section */

/* Begin PBXSourcesBuildPhase section */
		1D79B5311BF3307500614930 /* Sources */ = {
			isa = PBXSourcesBuildPhase;
			buildActionMask = 2147483647;
			files = (
				1D79B5401BF3307600614930 /* ViewController.m in Sources */,
				1D79B53D1BF3307600614930 /* AppDelegate.m in Sources */,
				1D79B5511BF330BA00614930 /* JLodingView.m in Sources */,
				1D79B53A1BF3307600614930 /* main.m in Sources */,
			);
			runOnlyForDeploymentPostprocessing = 0;
		};
/* End PBXSourcesBuildPhase section */

/* Begin PBXVariantGroup section */
		1D79B5411BF3307600614930 /* Main.storyboard */ = {
			isa = PBXVariantGroup;
			children = (
				1D79B5421BF3307600614930 /* Base */,
			);
			name = Main.storyboard;
			sourceTree = "<group>";
		};
		1D79B5461BF3307600614930 /* LaunchScreen.storyboard */ = {
			isa = PBXVariantGroup;
			children = (
				1D79B5471BF3307600614930 /* Base */,
			);
			name = LaunchScreen.storyboard;
			sourceTree = "<group>";
		};
/* End PBXVariantGroup section */

/* Begin XCBuildConfiguration section */
		1D79B54A1BF3307600614930 /* Debug */ = {
			isa = XCBuildConfiguration;
			buildSettings = {
				ALWAYS_SEARCH_USER_PATHS = NO;
				CLANG_CXX_LANGUAGE_STANDARD = "gnu++0x";
				CLANG_CXX_LIBRARY = "libc++";
				CLANG_ENABLE_MODULES = YES;
				CLANG_ENABLE_OBJC_ARC = YES;
				CLANG_WARN_BOOL_CONVERSION = YES;
				CLANG_WARN_CONSTANT_CONVERSION = YES;
				CLANG_WARN_DIRECT_OBJC_ISA_USAGE = YES_ERROR;
				CLANG_WARN_EMPTY_BODY = YES;
				CLANG_WARN_ENUM_CONVERSION = YES;
				CLANG_WARN_INT_CONVERSION = YES;
				CLANG_WARN_OBJC_ROOT_CLASS = YES_ERROR;
				CLANG_WARN_UNREACHABLE_CODE = YES;
				CLANG_WARN__DUPLICATE_METHOD_MATCH = YES;
				"CODE_SIGN_IDENTITY[sdk=iphoneos*]" = "iPhone Developer";
				COPY_PHASE_STRIP = NO;
				DEBUG_INFORMATION_FORMAT = dwarf;
				ENABLE_STRICT_OBJC_MSGSEND = YES;
				ENABLE_TESTABILITY = YES;
				GCC_C_LANGUAGE_STANDARD = gnu99;
				GCC_DYNAMIC_NO_PIC = NO;
				GCC_NO_COMMON_BLOCKS = YES;
				GCC_OPTIMIZATION_LEVEL = 0;
				GCC_PREPROCESSOR_DEFINITIONS = (
					"DEBUG=1",
					"$(inherited)",
				);
				GCC_WARN_64_TO_32_BIT_CONVERSION = YES;
				GCC_WARN_ABOUT_RETURN_TYPE = YES_ERROR;
				GCC_WARN_UNDECLARED_SELECTOR = YES;
				GCC_WARN_UNINITIALIZED_AUTOS = YES_AGGRESSIVE;
				GCC_WARN_UNUSED_FUNCTION = YES;
				GCC_WARN_UNUSED_VARIABLE = YES;
				IPHONEOS_DEPLOYMENT_TARGET = 9.1;
				MTL_ENABLE_DEBUG_INFO = YES;
				ONLY_ACTIVE_ARCH = YES;
				SDKROOT = iphoneos;
			};
			name = Debug;
		};
		1D79B54B1BF3307600614930 /* Release */ = {
			isa = XCBuildConfiguration;
			buildSettings = {
				ALWAYS_SEARCH_USER_PATHS = NO;
				CLANG_CXX_LANGUAGE_STANDARD = "gnu++0x";
				CLANG_CXX_LIBRARY = "libc++";
				CLANG_ENABLE_MODULES = YES;
				CLANG_ENABLE_OBJC_ARC = YES;
				CLANG_WARN_BOOL_CONVERSION = YES;
				CLANG_WARN_CONSTANT_CONVERSION = YES;
				CLANG_WARN_DIRECT_OBJC_ISA_USAGE = YES_ERROR;
				CLANG_WARN_EMPTY_BODY = YES;
				CLANG_WARN_ENUM_CONVERSION = YES;
				CLANG_WARN_INT_CONVERSION = YES;
				CLANG_WARN_OBJC_ROOT_CLASS = YES_ERROR;
				CLANG_WARN_UNREACHABLE_CODE = YES;
				CLANG_WARN__DUPLICATE_METHOD_MATCH = YES;
				"CODE_SIGN_IDENTITY[sdk=iphoneos*]" = "iPhone Developer";
				COPY_PHASE_STRIP = NO;
				DEBUG_INFORMATION_FORMAT = "dwarf-with-dsym";
				ENABLE_NS_ASSERTIONS = NO;
				ENABLE_STRICT_OBJC_MSGSEND = YES;
				GCC_C_LANGUAGE_STANDARD = gnu99;
				GCC_NO_COMMON_BLOCKS = YES;
				GCC_WARN_64_TO_32_BIT_CONVERSION = YES;
				GCC_WARN_ABOUT_RETURN_TYPE = YES_ERROR;
				GCC_WARN_UNDECLARED_SELECTOR = YES;
				GCC_WARN_UNINITIALIZED_AUTOS = YES_AGGRESSIVE;
				GCC_WARN_UNUSED_FUNCTION = YES;
				GCC_WARN_UNUSED_VARIABLE = YES;
				IPHONEOS_DEPLOYMENT_TARGET = 9.1;
				MTL_ENABLE_DEBUG_INFO = NO;
				SDKROOT = iphoneos;
				VALIDATE_PRODUCT = YES;
			};
			name = Release;
		};
		1D79B54D1BF3307600614930 /* Debug */ = {
			isa = XCBuildConfiguration;
			buildSettings = {
				ASSETCATALOG_COMPILER_APPICON_NAME = AppIcon;
				INFOPLIST_FILE = JLoading/Info.plist;
				LD_RUNPATH_SEARCH_PATHS = "$(inherited) @executable_path/Frameworks";
				PRODUCT_BUNDLE_IDENTIFIER = com.czp.JLoading;
				PRODUCT_NAME = "$(TARGET_NAME)";
			};
			name = Debug;
		};
		1D79B54E1BF3307600614930 /* Release */ = {
			isa = XCBuildConfiguration;
			buildSettings = {
				ASSETCATALOG_COMPILER_APPICON_NAME = AppIcon;
				INFOPLIST_FILE = JLoading/Info.plist;
				LD_RUNPATH_SEARCH_PATHS = "$(inherited) @executable_path/Frameworks";
				PRODUCT_BUNDLE_IDENTIFIER = com.czp.JLoading;
				PRODUCT_NAME = "$(TARGET_NAME)";
			};
			name = Release;
		};
/* End XCBuildConfiguration section */

/* Begin XCConfigurationList section */
		1D79B5301BF3307500614930 /* Build configuration list for PBXProject "JLoading" */ = {
			isa = XCConfigurationList;
			buildConfigurations = (
				1D79B54A1BF3307600614930 /* Debug */,
				1D79B54B1BF3307600614930 /* Release */,
			);
			defaultConfigurationIsVisible = 0;
			defaultConfigurationName = Release;
		};
		1D79B54C1BF3307600614930 /* Build configuration list for PBXNativeTarget "JLoading" */ = {
			isa = XCConfigurationList;
			buildConfigurations = (
				1D79B54D1BF3307600614930 /* Debug */,
				1D79B54E1BF3307600614930 /* Release */,
			);
			defaultConfigurationIsVisible = 0;
		};
/* End XCConfigurationList section */
	};
	rootObject = 1D79B52D1BF3307500614930 /* Project object */;
}
